
Microsoft Visual Studio Solution File, Format Version 12.00
# Visual Studio Version 17
VisualStudioVersion = 17.4.33213.308
MinimumVisualStudioVersion = 10.0.40219.1
Project("{FAE04EC0-301F-11D3-BF4B-00C04F79EFBC}") = "A02", "A02\A02.csproj", "{1472E025-89CB-4846-8BDE-3041FAE14E0F}"
EndProject
Global
	GlobalSection(SolutionConfigurationPlatforms) = preSolution
		Debug|Any CPU = Debug|Any CPU
		Release|Any CPU = Release|Any CPU
	EndGlobalSection
	GlobalSection(ProjectConfigurationPlatforms) = postSolution
		{1472E025-89CB-4846-8BDE-3041FAE14E0F}.Debug|Any CPU.ActiveCfg = Debug|Any CPU
		{1472E025-89CB-4846-8BDE-3041FAE14E0F}.Debug|Any CPU.Build.0 = Debug|Any CPU
		{1472E025-89CB-4846-8BDE-3041FAE14E0F}.Release|Any CPU.ActiveCfg = Release|Any CPU
		{1472E025-89CB-4846-8BDE-3041FAE14E0F}.Release|Any CPU.Build.0 = Release|Any CPU
	EndGlobalSection
	GlobalSection(SolutionProperties) = preSolution
		HideSolutionNode = FALSE
	EndGlobalSection
	GlobalSection(ExtensibilityGlobals) = postSolution
		SolutionGuid = {D6A82291-17C2-4C68-BAE7-0FB8D854FFDF}
	EndGlobalSection
EndGlobal
